lockfile_version: '1'
generated_at: '2026-09-09T17:18:32.834946+00:00'
apm_version: 0.14.0
dependencies:
- repo_url: Faithlife/RepoConventions
  host: github.com
  resolved_commit: 82354769dca666351ae1e85992748d1acbb7b2af
  virtual_path: skills/repo-conventions
  is_virtual: true
  package_type: claude_skill
  deployed_files:
  - .agents/skills/repo-conventions
  content_hash: sha256:6e4dc45d96d7adc8f1d3e3300d9ee90eef9c2d0231ea83ad86fed64fca105034
- repo_url: richlander/dotnet-inspect
  host: github.com
  resolved_commit: aa238dd79750edc68d2213e30eb01a74260b68e2
  virtual_path: skills/dotnet-inspect
  is_virtual: true
  package_type: claude_skill
  deployed_files:
  - .agents/skills/dotnet-inspect
  content_hash: sha256:0c7cc502e53f4cd4666e862b29146306f080462d42b08917c8bc93e348e01931
