
Microsoft Visual Studio Solution File, Format Version 12.00
# Visual Studio Version 17
VisualStudioVersion = 17.0.31903.59
MinimumVisualStudioVersion = 10.0.40219.1
Project("{2150E333-8FDC-42A3-9474-1A3956D46DE8}") = "Solution Items", "Solution Items", "{A219E328-B15A-41FF-BAA5-5F46679EF9C8}"
	ProjectSection(SolutionItems) = preProject
		.editorconfig = .editorconfig
		.gitattributes = .gitattributes
		.gitignore = .gitignore
		build.ps1 = build.ps1
		.github\workflows\build.yaml = .github\workflows\build.yaml
		conformance\ConformanceApi.fsd = conformance\ConformanceApi.fsd
		conformance\ConformanceTests.json = conformance\ConformanceTests.json
		Directory.Build.props = Directory.Build.props
		Directory.Packages.props = Directory.Packages.props
		tools\EdgeCases.fsd = tools\EdgeCases.fsd
		fsd\FacilityCore.fsd = fsd\FacilityCore.fsd
		global.json = global.json
		LICENSE = LICENSE
		nuget.config = nuget.config
		README.md = README.md
		ReleaseNotes.md = ReleaseNotes.md
	EndProjectSection
EndProject
Project("{9A19103F-16F7-4668-BE54-9A1E7A4F7556}") = "Facility.Core", "src\Facility.Core\Facility.Core.csproj", "{E28C464C-6FC4-4802-A7CC-0F50957FBF9D}"
EndProject
Project("{9A19103F-16F7-4668-BE54-9A1E7A4F7556}") = "Facility.Core.Assertions", "src\Facility.Core.Assertions\Facility.Core.Assertions.csproj", "{2F340BB6-7C38-42DF-AE73-2CB54C84D6C7}"
EndProject
Project("{9A19103F-16F7-4668-BE54-9A1E7A4F7556}") = "Facility.CodeGen.CSharp", "src\Facility.CodeGen.CSharp\Facility.CodeGen.CSharp.csproj", "{F45ECCED-3306-4CB1-8F5D-130C367A544F}"
EndProject
Project("{9A19103F-16F7-4668-BE54-9A1E7A4F7556}") = "fsdgencsharp", "src\fsdgencsharp\fsdgencsharp.csproj", "{A8EC12EC-783B-47D2-8A75-E36E129F3FC6}"
EndProject
Project("{9A19103F-16F7-4668-BE54-9A1E7A4F7556}") = "Facility.CodeGen.CSharp.UnitTests", "tests\Facility.CodeGen.CSharp.UnitTests\Facility.CodeGen.CSharp.UnitTests.csproj", "{AFDF4F67-FDE7-48EF-83D4-549C24426591}"
EndProject
Project("{9A19103F-16F7-4668-BE54-9A1E7A4F7556}") = "Facility.Core.UnitTests", "tests\Facility.Core.UnitTests\Facility.Core.UnitTests.csproj", "{BA429714-E26A-42B8-BAD7-434ED139C31C}"
EndProject
Project("{9A19103F-16F7-4668-BE54-9A1E7A4F7556}") = "Facility.ConformanceApi", "src\Facility.ConformanceApi\Facility.ConformanceApi.csproj", "{79AEC163-9587-4992-93BD-AC833FFE78F4}"
EndProject
Project("{9A19103F-16F7-4668-BE54-9A1E7A4F7556}") = "Facility.ConformanceApi.UnitTests", "tests\Facility.ConformanceApi.UnitTests\Facility.ConformanceApi.UnitTests.csproj", "{929EDD8B-F72E-4CED-9013-EEAF562F1B3C}"
EndProject
Project("{9A19103F-16F7-4668-BE54-9A1E7A4F7556}") = "EdgeCases", "tools\EdgeCases\EdgeCases.csproj", "{771FB7B6-E2CE-4F73-A62A-E52FBF980448}"
EndProject
Project("{9A19103F-16F7-4668-BE54-9A1E7A4F7556}") = "Build", "tools\Build\Build.csproj", "{9D6DC519-8908-4D3A-B16B-118D682BD170}"
EndProject
Project("{9A19103F-16F7-4668-BE54-9A1E7A4F7556}") = "FacilityConformance", "src\FacilityConformance\FacilityConformance.csproj", "{338C2F17-0E09-4E5D-A6D7-47D74DA58107}"
EndProject
Project("{9A19103F-16F7-4668-BE54-9A1E7A4F7556}") = "XmlDocGen", "tools\XmlDocGen\XmlDocGen.csproj", "{636E5B36-4AA8-47D8-884C-AE4D80B49A14}"
EndProject
Project("{9A19103F-16F7-4668-BE54-9A1E7A4F7556}") = "Facility.Benchmarks", "tests\Facility.Benchmarks\Facility.Benchmarks.csproj", "{C8975C56-9329-452D-8FBB-8252F6755111}"
EndProject
Project("{9A19103F-16F7-4668-BE54-9A1E7A4F7556}") = "Facility.Core.MessagePack", "src\Facility.Core.MessagePack\Facility.Core.MessagePack.csproj", "{D7E5BFDE-9651-469D-814C-3BA915320191}"
EndProject
Project("{FAE04EC0-301F-11D3-BF4B-00C04F79EFBC}") = "EdgeCases.ExternTypes", "tools\EdgeCases.ExternTypes\EdgeCases.ExternTypes.csproj", "{EF02D6B9-EA4B-4FF2-95EF-C8970D82515D}"
EndProject
Global
	GlobalSection(SolutionConfigurationPlatforms) = preSolution
		Debug|Any CPU = Debug|Any CPU
		Release|Any CPU = Release|Any CPU
	EndGlobalSection
	GlobalSection(ProjectConfigurationPlatforms) = postSolution
		{E28C464C-6FC4-4802-A7CC-0F50957FBF9D}.Debug|Any CPU.ActiveCfg = Debug|Any CPU
		{E28C464C-6FC4-4802-A7CC-0F50957FBF9D}.Debug|Any CPU.Build.0 = Debug|Any CPU
		{E28C464C-6FC4-4802-A7CC-0F50957FBF9D}.Release|Any CPU.ActiveCfg = Release|Any CPU
		{E28C464C-6FC4-4802-A7CC-0F50957FBF9D}.Release|Any CPU.Build.0 = Release|Any CPU
		{2F340BB6-7C38-42DF-AE73-2CB54C84D6C7}.Debug|Any CPU.ActiveCfg = Debug|Any CPU
		{2F340BB6-7C38-42DF-AE73-2CB54C84D6C7}.Debug|Any CPU.Build.0 = Debug|Any CPU
		{2F340BB6-7C38-42DF-AE73-2CB54C84D6C7}.Release|Any CPU.ActiveCfg = Release|Any CPU
		{2F340BB6-7C38-42DF-AE73-2CB54C84D6C7}.Release|Any CPU.Build.0 = Release|Any CPU
		{F45ECCED-3306-4CB1-8F5D-130C367A544F}.Debug|Any CPU.ActiveCfg = Debug|Any CPU
		{F45ECCED-3306-4CB1-8F5D-130C367A544F}.Debug|Any CPU.Build.0 = Debug|Any CPU
		{F45ECCED-3306-4CB1-8F5D-130C367A544F}.Release|Any CPU.ActiveCfg = Release|Any CPU
		{F45ECCED-3306-4CB1-8F5D-130C367A544F}.Release|Any CPU.Build.0 = Release|Any CPU
		{A8EC12EC-783B-47D2-8A75-E36E129F3FC6}.Debug|Any CPU.ActiveCfg = Debug|Any CPU
		{A8EC12EC-783B-47D2-8A75-E36E129F3FC6}.Debug|Any CPU.Build.0 = Debug|Any CPU
		{A8EC12EC-783B-47D2-8A75-E36E129F3FC6}.Release|Any CPU.ActiveCfg = Release|Any CPU
		{A8EC12EC-783B-47D2-8A75-E36E129F3FC6}.Release|Any CPU.Build.0 = Release|Any CPU
		{AFDF4F67-FDE7-48EF-83D4-549C24426591}.Debug|Any CPU.ActiveCfg = Debug|Any CPU
		{AFDF4F67-FDE7-48EF-83D4-549C24426591}.Debug|Any CPU.Build.0 = Debug|Any CPU
		{AFDF4F67-FDE7-48EF-83D4-549C24426591}.Release|Any CPU.ActiveCfg = Release|Any CPU
		{AFDF4F67-FDE7-48EF-83D4-549C24426591}.Release|Any CPU.Build.0 = Release|Any CPU
		{BA429714-E26A-42B8-BAD7-434ED139C31C}.Debug|Any CPU.ActiveCfg = Debug|Any CPU
		{BA429714-E26A-42B8-BAD7-434ED139C31C}.Debug|Any CPU.Build.0 = Debug|Any CPU
		{BA429714-E26A-42B8-BAD7-434ED139C31C}.Release|Any CPU.ActiveCfg = Release|Any CPU
		{BA429714-E26A-42B8-BAD7-434ED139C31C}.Release|Any CPU.Build.0 = Release|Any CPU
		{79AEC163-9587-4992-93BD-AC833FFE78F4}.Debug|Any CPU.ActiveCfg = Debug|Any CPU
		{79AEC163-9587-4992-93BD-AC833FFE78F4}.Debug|Any CPU.Build.0 = Debug|Any CPU
		{79AEC163-9587-4992-93BD-AC833FFE78F4}.Release|Any CPU.ActiveCfg = Release|Any CPU
		{79AEC163-9587-4992-93BD-AC833FFE78F4}.Release|Any CPU.Build.0 = Release|Any CPU
		{929EDD8B-F72E-4CED-9013-EEAF562F1B3C}.Debug|Any CPU.ActiveCfg = Debug|Any CPU
		{929EDD8B-F72E-4CED-9013-EEAF562F1B3C}.Debug|Any CPU.Build.0 = Debug|Any CPU
		{929EDD8B-F72E-4CED-9013-EEAF562F1B3C}.Release|Any CPU.ActiveCfg = Release|Any CPU
		{929EDD8B-F72E-4CED-9013-EEAF562F1B3C}.Release|Any CPU.Build.0 = Release|Any CPU
		{771FB7B6-E2CE-4F73-A62A-E52FBF980448}.Debug|Any CPU.ActiveCfg = Debug|Any CPU
		{771FB7B6-E2CE-4F73-A62A-E52FBF980448}.Debug|Any CPU.Build.0 = Debug|Any CPU
		{771FB7B6-E2CE-4F73-A62A-E52FBF980448}.Release|Any CPU.ActiveCfg = Release|Any CPU
		{771FB7B6-E2CE-4F73-A62A-E52FBF980448}.Release|Any CPU.Build.0 = Release|Any CPU
		{9D6DC519-8908-4D3A-B16B-118D682BD170}.Debug|Any CPU.ActiveCfg = Debug|Any CPU
		{9D6DC519-8908-4D3A-B16B-118D682BD170}.Debug|Any CPU.Build.0 = Debug|Any CPU
		{9D6DC519-8908-4D3A-B16B-118D682BD170}.Release|Any CPU.ActiveCfg = Release|Any CPU
		{9D6DC519-8908-4D3A-B16B-118D682BD170}.Release|Any CPU.Build.0 = Release|Any CPU
		{338C2F17-0E09-4E5D-A6D7-47D74DA58107}.Debug|Any CPU.ActiveCfg = Debug|Any CPU
		{338C2F17-0E09-4E5D-A6D7-47D74DA58107}.Debug|Any CPU.Build.0 = Debug|Any CPU
		{338C2F17-0E09-4E5D-A6D7-47D74DA58107}.Release|Any CPU.ActiveCfg = Release|Any CPU
		{338C2F17-0E09-4E5D-A6D7-47D74DA58107}.Release|Any CPU.Build.0 = Release|Any CPU
		{636E5B36-4AA8-47D8-884C-AE4D80B49A14}.Debug|Any CPU.ActiveCfg = Debug|Any CPU
		{636E5B36-4AA8-47D8-884C-AE4D80B49A14}.Debug|Any CPU.Build.0 = Debug|Any CPU
		{636E5B36-4AA8-47D8-884C-AE4D80B49A14}.Release|Any CPU.ActiveCfg = Release|Any CPU
		{636E5B36-4AA8-47D8-884C-AE4D80B49A14}.Release|Any CPU.Build.0 = Release|Any CPU
		{C8975C56-9329-452D-8FBB-8252F6755111}.Debug|Any CPU.ActiveCfg = Debug|Any CPU
		{C8975C56-9329-452D-8FBB-8252F6755111}.Debug|Any CPU.Build.0 = Debug|Any CPU
		{C8975C56-9329-452D-8FBB-8252F6755111}.Release|Any CPU.ActiveCfg = Release|Any CPU
		{C8975C56-9329-452D-8FBB-8252F6755111}.Release|Any CPU.Build.0 = Release|Any CPU
		{D7E5BFDE-9651-469D-814C-3BA915320191}.Debug|Any CPU.ActiveCfg = Debug|Any CPU
		{D7E5BFDE-9651-469D-814C-3BA915320191}.Debug|Any CPU.Build.0 = Debug|Any CPU
		{D7E5BFDE-9651-469D-814C-3BA915320191}.Release|Any CPU.ActiveCfg = Release|Any CPU
		{D7E5BFDE-9651-469D-814C-3BA915320191}.Release|Any CPU.Build.0 = Release|Any CPU
		{EF02D6B9-EA4B-4FF2-95EF-C8970D82515D}.Debug|Any CPU.ActiveCfg = Debug|Any CPU
		{EF02D6B9-EA4B-4FF2-95EF-C8970D82515D}.Debug|Any CPU.Build.0 = Debug|Any CPU
		{EF02D6B9-EA4B-4FF2-95EF-C8970D82515D}.Release|Any CPU.ActiveCfg = Release|Any CPU
		{EF02D6B9-EA4B-4FF2-95EF-C8970D82515D}.Release|Any CPU.Build.0 = Release|Any CPU
	EndGlobalSection
	GlobalSection(SolutionProperties) = preSolution
		HideSolutionNode = FALSE
	EndGlobalSection
	GlobalSection(ExtensibilityGlobals) = postSolution
		SolutionGuid = {934F60BE-546A-4F16-A6C7-6B65BF9889D2}
	EndGlobalSection
EndGlobal
