
Microsoft Visual Studio Solution File, Format Version 12.00
# Visual Studio 15
VisualStudioVersion = 15.0.27130.2036
MinimumVisualStudioVersion = 10.0.40219.1
Project("{2150E333-8FDC-42A3-9474-1A3956D46DE8}") = "Solution Items", "Solution Items", "{A219E328-B15A-41FF-BAA5-5F46679EF9C8}"
	ProjectSection(SolutionItems) = preProject
		.editorconfig = .editorconfig
		.gitattributes = .gitattributes
		.gitignore = .gitignore
		appveyor.yml = appveyor.yml
		build.cake = build.cake
		build.ps1 = build.ps1
		build.sh = build.sh
		CONTRIBUTING.md = CONTRIBUTING.md
		Directory.Build.props = Directory.Build.props
		LICENSE = LICENSE
		README.md = README.md
		VersionHistory.md = VersionHistory.md
	EndProjectSection
EndProject
Project("{9A19103F-16F7-4668-BE54-9A1E7A4F7556}") = "Facility.Core", "src\Facility.Core\Facility.Core.csproj", "{E28C464C-6FC4-4802-A7CC-0F50957FBF9D}"
EndProject
Project("{9A19103F-16F7-4668-BE54-9A1E7A4F7556}") = "Facility.Core.Assertions", "src\Facility.Core.Assertions\Facility.Core.Assertions.csproj", "{2F340BB6-7C38-42DF-AE73-2CB54C84D6C7}"
EndProject
Project("{9A19103F-16F7-4668-BE54-9A1E7A4F7556}") = "Facility.CodeGen.CSharp", "src\Facility.CodeGen.CSharp\Facility.CodeGen.CSharp.csproj", "{F45ECCED-3306-4CB1-8F5D-130C367A544F}"
EndProject
Project("{9A19103F-16F7-4668-BE54-9A1E7A4F7556}") = "Facility.ExampleApi", "tools\Facility.ExampleApi\Facility.ExampleApi.csproj", "{C565C926-EB65-4440-A774-0686AB863177}"
EndProject
Project("{9A19103F-16F7-4668-BE54-9A1E7A4F7556}") = "fsdgencsharp", "src\fsdgencsharp\fsdgencsharp.csproj", "{A8EC12EC-783B-47D2-8A75-E36E129F3FC6}"
EndProject
Project("{9A19103F-16F7-4668-BE54-9A1E7A4F7556}") = "Facility.CodeGen.CSharp.UnitTests", "tests\Facility.CodeGen.CSharp.UnitTests\Facility.CodeGen.CSharp.UnitTests.csproj", "{AFDF4F67-FDE7-48EF-83D4-549C24426591}"
EndProject
Project("{9A19103F-16F7-4668-BE54-9A1E7A4F7556}") = "Facility.Core.UnitTests", "tests\Facility.Core.UnitTests\Facility.Core.UnitTests.csproj", "{BA429714-E26A-42B8-BAD7-434ED139C31C}"
EndProject
Project("{9A19103F-16F7-4668-BE54-9A1E7A4F7556}") = "Facility.ExampleApi.UnitTests", "tests\Facility.ExampleApi.UnitTests\Facility.ExampleApi.UnitTests.csproj", "{CDA741DD-F364-4490-8527-53713DA87991}"
EndProject
Project("{9A19103F-16F7-4668-BE54-9A1E7A4F7556}") = "XmlDocTarget", "tools\XmlDocTarget\XmlDocTarget.csproj", "{DA518D37-125F-422C-B9F6-25EBC8FA76AB}"
EndProject
Project("{9A19103F-16F7-4668-BE54-9A1E7A4F7556}") = "Facility.ConformanceApi", "tools\Facility.ConformanceApi\Facility.ConformanceApi.csproj", "{79AEC163-9587-4992-93BD-AC833FFE78F4}"
EndProject
Project("{9A19103F-16F7-4668-BE54-9A1E7A4F7556}") = "Facility.ConformanceApi.UnitTests", "tests\Facility.ConformanceApi.UnitTests\Facility.ConformanceApi.UnitTests.csproj", "{929EDD8B-F72E-4CED-9013-EEAF562F1B3C}"
EndProject
Global
	GlobalSection(SolutionConfigurationPlatforms) = preSolution
		Debug|Any CPU = Debug|Any CPU
		Release|Any CPU = Release|Any CPU
	EndGlobalSection
	GlobalSection(ProjectConfigurationPlatforms) = postSolution
		{E28C464C-6FC4-4802-A7CC-0F50957FBF9D}.Debug|Any CPU.ActiveCfg = Debug|Any CPU
		{E28C464C-6FC4-4802-A7CC-0F50957FBF9D}.Debug|Any CPU.Build.0 = Debug|Any CPU
		{E28C464C-6FC4-4802-A7CC-0F50957FBF9D}.Release|Any CPU.ActiveCfg = Release|Any CPU
		{E28C464C-6FC4-4802-A7CC-0F50957FBF9D}.Release|Any CPU.Build.0 = Release|Any CPU
		{2F340BB6-7C38-42DF-AE73-2CB54C84D6C7}.Debug|Any CPU.ActiveCfg = Debug|Any CPU
		{2F340BB6-7C38-42DF-AE73-2CB54C84D6C7}.Debug|Any CPU.Build.0 = Debug|Any CPU
		{2F340BB6-7C38-42DF-AE73-2CB54C84D6C7}.Release|Any CPU.ActiveCfg = Release|Any CPU
		{2F340BB6-7C38-42DF-AE73-2CB54C84D6C7}.Release|Any CPU.Build.0 = Release|Any CPU
		{F45ECCED-3306-4CB1-8F5D-130C367A544F}.Debug|Any CPU.ActiveCfg = Debug|Any CPU
		{F45ECCED-3306-4CB1-8F5D-130C367A544F}.Debug|Any CPU.Build.0 = Debug|Any CPU
		{F45ECCED-3306-4CB1-8F5D-130C367A544F}.Release|Any CPU.ActiveCfg = Release|Any CPU
		{F45ECCED-3306-4CB1-8F5D-130C367A544F}.Release|Any CPU.Build.0 = Release|Any CPU
		{C565C926-EB65-4440-A774-0686AB863177}.Debug|Any CPU.ActiveCfg = Debug|Any CPU
		{C565C926-EB65-4440-A774-0686AB863177}.Debug|Any CPU.Build.0 = Debug|Any CPU
		{C565C926-EB65-4440-A774-0686AB863177}.Release|Any CPU.ActiveCfg = Release|Any CPU
		{C565C926-EB65-4440-A774-0686AB863177}.Release|Any CPU.Build.0 = Release|Any CPU
		{A8EC12EC-783B-47D2-8A75-E36E129F3FC6}.Debug|Any CPU.ActiveCfg = Debug|Any CPU
		{A8EC12EC-783B-47D2-8A75-E36E129F3FC6}.Debug|Any CPU.Build.0 = Debug|Any CPU
		{A8EC12EC-783B-47D2-8A75-E36E129F3FC6}.Release|Any CPU.ActiveCfg = Release|Any CPU
		{A8EC12EC-783B-47D2-8A75-E36E129F3FC6}.Release|Any CPU.Build.0 = Release|Any CPU
		{AFDF4F67-FDE7-48EF-83D4-549C24426591}.Debug|Any CPU.ActiveCfg = Debug|Any CPU
		{AFDF4F67-FDE7-48EF-83D4-549C24426591}.Debug|Any CPU.Build.0 = Debug|Any CPU
		{AFDF4F67-FDE7-48EF-83D4-549C24426591}.Release|Any CPU.ActiveCfg = Release|Any CPU
		{AFDF4F67-FDE7-48EF-83D4-549C24426591}.Release|Any CPU.Build.0 = Release|Any CPU
		{BA429714-E26A-42B8-BAD7-434ED139C31C}.Debug|Any CPU.ActiveCfg = Debug|Any CPU
		{BA429714-E26A-42B8-BAD7-434ED139C31C}.Debug|Any CPU.Build.0 = Debug|Any CPU
		{BA429714-E26A-42B8-BAD7-434ED139C31C}.Release|Any CPU.ActiveCfg = Release|Any CPU
		{BA429714-E26A-42B8-BAD7-434ED139C31C}.Release|Any CPU.Build.0 = Release|Any CPU
		{CDA741DD-F364-4490-8527-53713DA87991}.Debug|Any CPU.ActiveCfg = Debug|Any CPU
		{CDA741DD-F364-4490-8527-53713DA87991}.Debug|Any CPU.Build.0 = Debug|Any CPU
		{CDA741DD-F364-4490-8527-53713DA87991}.Release|Any CPU.ActiveCfg = Release|Any CPU
		{CDA741DD-F364-4490-8527-53713DA87991}.Release|Any CPU.Build.0 = Release|Any CPU
		{DA518D37-125F-422C-B9F6-25EBC8FA76AB}.Debug|Any CPU.ActiveCfg = Debug|Any CPU
		{DA518D37-125F-422C-B9F6-25EBC8FA76AB}.Debug|Any CPU.Build.0 = Debug|Any CPU
		{DA518D37-125F-422C-B9F6-25EBC8FA76AB}.Release|Any CPU.ActiveCfg = Release|Any CPU
		{DA518D37-125F-422C-B9F6-25EBC8FA76AB}.Release|Any CPU.Build.0 = Release|Any CPU
		{79AEC163-9587-4992-93BD-AC833FFE78F4}.Debug|Any CPU.ActiveCfg = Debug|Any CPU
		{79AEC163-9587-4992-93BD-AC833FFE78F4}.Debug|Any CPU.Build.0 = Debug|Any CPU
		{79AEC163-9587-4992-93BD-AC833FFE78F4}.Release|Any CPU.ActiveCfg = Release|Any CPU
		{79AEC163-9587-4992-93BD-AC833FFE78F4}.Release|Any CPU.Build.0 = Release|Any CPU
		{929EDD8B-F72E-4CED-9013-EEAF562F1B3C}.Debug|Any CPU.ActiveCfg = Debug|Any CPU
		{929EDD8B-F72E-4CED-9013-EEAF562F1B3C}.Debug|Any CPU.Build.0 = Debug|Any CPU
		{929EDD8B-F72E-4CED-9013-EEAF562F1B3C}.Release|Any CPU.ActiveCfg = Release|Any CPU
		{929EDD8B-F72E-4CED-9013-EEAF562F1B3C}.Release|Any CPU.Build.0 = Release|Any CPU
	EndGlobalSection
	GlobalSection(SolutionProperties) = preSolution
		HideSolutionNode = FALSE
	EndGlobalSection
	GlobalSection(ExtensibilityGlobals) = postSolution
		SolutionGuid = {934F60BE-546A-4F16-A6C7-6B65BF9889D2}
	EndGlobalSection
EndGlobal
